
Microsoft Visual Studio Solution File, Format Version 12.00
# Visual Studio 15
VisualStudioVersion = 15.0.26124.0
MinimumVisualStudioVersion = 15.0.26124.0
Project("{2150E333-8FDC-42A3-9474-1A3956D46DE8}") = "src", "src", "{DA05E8B6-262B-49B9-BDCB-07015EB52569}"
EndProject
Project("{FAE04EC0-301F-11D3-BF4B-00C04F79EFBC}") = "SimpleAPI", "src\SimpleAPI\SimpleAPI.csproj", "{F744183A-5950-4847-A9E8-CAEB571B1B1C}"
EndProject
Project("{2150E333-8FDC-42A3-9474-1A3956D46DE8}") = "test", "test", "{3E971A3B-4F1D-4DF8-BEA6-27A1F0A4225B}"
EndProject
Project("{FAE04EC0-301F-11D3-BF4B-00C04F79EFBC}") = "SimpleAPI.TEST", "test\SimpleAPI.TEST\SimpleAPI.TEST.csproj", "{4B8F8A59-420D-4B31-ADB0-ACABA5D12CFD}"
EndProject
Global
	GlobalSection(SolutionConfigurationPlatforms) = preSolution
		Debug|Any CPU = Debug|Any CPU
		Debug|x64 = Debug|x64
		Debug|x86 = Debug|x86
		Release|Any CPU = Release|Any CPU
		Release|x64 = Release|x64
		Release|x86 = Release|x86
	EndGlobalSection
	GlobalSection(SolutionProperties) = preSolution
		HideSolutionNode = FALSE
	EndGlobalSection
	GlobalSection(ProjectConfigurationPlatforms) = postSolution
		{F744183A-5950-4847-A9E8-CAEB571B1B1C}.Debug|Any CPU.ActiveCfg = Debug|Any CPU
		{F744183A-5950-4847-A9E8-CAEB571B1B1C}.Debug|Any CPU.Build.0 = Debug|Any CPU
		{F744183A-5950-4847-A9E8-CAEB571B1B1C}.Debug|x64.ActiveCfg = Debug|Any CPU
		{F744183A-5950-4847-A9E8-CAEB571B1B1C}.Debug|x64.Build.0 = Debug|Any CPU
		{F744183A-5950-4847-A9E8-CAEB571B1B1C}.Debug|x86.ActiveCfg = Debug|Any CPU
		{F744183A-5950-4847-A9E8-CAEB571B1B1C}.Debug|x86.Build.0 = Debug|Any CPU
		{F744183A-5950-4847-A9E8-CAEB571B1B1C}.Release|Any CPU.ActiveCfg = Release|Any CPU
		{F744183A-5950-4847-A9E8-CAEB571B1B1C}.Release|Any CPU.Build.0 = Release|Any CPU
		{F744183A-5950-4847-A9E8-CAEB571B1B1C}.Release|x64.ActiveCfg = Release|Any CPU
		{F744183A-5950-4847-A9E8-CAEB571B1B1C}.Release|x64.Build.0 = Release|Any CPU
		{F744183A-5950-4847-A9E8-CAEB571B1B1C}.Release|x86.ActiveCfg = Release|Any CPU
		{F744183A-5950-4847-A9E8-CAEB571B1B1C}.Release|x86.Build.0 = Release|Any CPU
		{4B8F8A59-420D-4B31-ADB0-ACABA5D12CFD}.Debug|Any CPU.ActiveCfg = Debug|Any CPU
		{4B8F8A59-420D-4B31-ADB0-ACABA5D12CFD}.Debug|Any CPU.Build.0 = Debug|Any CPU
		{4B8F8A59-420D-4B31-ADB0-ACABA5D12CFD}.Debug|x64.ActiveCfg = Debug|Any CPU
		{4B8F8A59-420D-4B31-ADB0-ACABA5D12CFD}.Debug|x64.Build.0 = Debug|Any CPU
		{4B8F8A59-420D-4B31-ADB0-ACABA5D12CFD}.Debug|x86.ActiveCfg = Debug|Any CPU
		{4B8F8A59-420D-4B31-ADB0-ACABA5D12CFD}.Debug|x86.Build.0 = Debug|Any CPU
		{4B8F8A59-420D-4B31-ADB0-ACABA5D12CFD}.Release|Any CPU.ActiveCfg = Release|Any CPU
		{4B8F8A59-420D-4B31-ADB0-ACABA5D12CFD}.Release|Any CPU.Build.0 = Release|Any CPU
		{4B8F8A59-420D-4B31-ADB0-ACABA5D12CFD}.Release|x64.ActiveCfg = Release|Any CPU
		{4B8F8A59-420D-4B31-ADB0-ACABA5D12CFD}.Release|x64.Build.0 = Release|Any CPU
		{4B8F8A59-420D-4B31-ADB0-ACABA5D12CFD}.Release|x86.ActiveCfg = Release|Any CPU
		{4B8F8A59-420D-4B31-ADB0-ACABA5D12CFD}.Release|x86.Build.0 = Release|Any CPU
	EndGlobalSection
	GlobalSection(NestedProjects) = preSolution
		{F744183A-5950-4847-A9E8-CAEB571B1B1C} = {DA05E8B6-262B-49B9-BDCB-07015EB52569}
		{4B8F8A59-420D-4B31-ADB0-ACABA5D12CFD} = {3E971A3B-4F1D-4DF8-BEA6-27A1F0A4225B}
	EndGlobalSection
EndGlobal
